
Microsoft Visual Studio Solution File, Format Version 12.00
# Visual Studio Version 17
VisualStudioVersion = 17.3.32811.315
MinimumVisualStudioVersion = 10.0.40219.1
Project("{FAE04EC0-301F-11D3-BF4B-00C04F79EFBC}") = "DDAEA_Lab_S15", "DDAEA_Lab_S15\DDAEA_Lab_S15.csproj", "{F950C076-9691-4147-8B9C-C1AA0F29CEBF}"
EndProject
Global
	GlobalSection(SolutionConfigurationPlatforms) = preSolution
		Debug|Any CPU = Debug|Any CPU
		Release|Any CPU = Release|Any CPU
	EndGlobalSection
	GlobalSection(ProjectConfigurationPlatforms) = postSolution
		{F950C076-9691-4147-8B9C-C1AA0F29CEBF}.Debug|Any CPU.ActiveCfg = Debug|Any CPU
		{F950C076-9691-4147-8B9C-C1AA0F29CEBF}.Debug|Any CPU.Build.0 = Debug|Any CPU
		{F950C076-9691-4147-8B9C-C1AA0F29CEBF}.Release|Any CPU.ActiveCfg = Release|Any CPU
		{F950C076-9691-4147-8B9C-C1AA0F29CEBF}.Release|Any CPU.Build.0 = Release|Any CPU
	EndGlobalSection
	GlobalSection(SolutionProperties) = preSolution
		HideSolutionNode = FALSE
	EndGlobalSection
	GlobalSection(ExtensibilityGlobals) = postSolution
		SolutionGuid = {A4747631-C45C-4425-BD4F-14EC35848153}
	EndGlobalSection
EndGlobal
